
Microsoft Visual Studio Solution File, Format Version 12.00
# Visual Studio 15
VisualStudioVersion = 15.0.26730.15
MinimumVisualStudioVersion = 10.0.40219.1
Project("{FAE04EC0-301F-11D3-BF4B-00C04F79EFBC}") = "01CookedDigits", "01CookedDigits\01CookedDigits.csproj", "{C18B3B73-1F74-4B3C-B65C-47C8F1BF0AFC}"
EndProject
Project("{FAE04EC0-301F-11D3-BF4B-00C04F79EFBC}") = "CrookedStairs", "CrookedStairs\CrookedStairs.csproj", "{FC9EEDC4-993E-4F34-AE05-65F347FF0172}"
EndProject
Project("{FAE04EC0-301F-11D3-BF4B-00C04F79EFBC}") = "03CrookedWalls", "03CrookedWalls\03CrookedWalls.csproj", "{CBF96F69-4A28-4B27-8757-01C126F8954C}"
EndProject
Global
	GlobalSection(SolutionConfigurationPlatforms) = preSolution
		Debug|Any CPU = Debug|Any CPU
		Release|Any CPU = Release|Any CPU
	EndGlobalSection
	GlobalSection(ProjectConfigurationPlatforms) = postSolution
		{C18B3B73-1F74-4B3C-B65C-47C8F1BF0AFC}.Debug|Any CPU.ActiveCfg = Debug|Any CPU
		{C18B3B73-1F74-4B3C-B65C-47C8F1BF0AFC}.Debug|Any CPU.Build.0 = Debug|Any CPU
		{C18B3B73-1F74-4B3C-B65C-47C8F1BF0AFC}.Release|Any CPU.ActiveCfg = Release|Any CPU
		{C18B3B73-1F74-4B3C-B65C-47C8F1BF0AFC}.Release|Any CPU.Build.0 = Release|Any CPU
		{FC9EEDC4-993E-4F34-AE05-65F347FF0172}.Debug|Any CPU.ActiveCfg = Debug|Any CPU
		{FC9EEDC4-993E-4F34-AE05-65F347FF0172}.Debug|Any CPU.Build.0 = Debug|Any CPU
		{FC9EEDC4-993E-4F34-AE05-65F347FF0172}.Release|Any CPU.ActiveCfg = Release|Any CPU
		{FC9EEDC4-993E-4F34-AE05-65F347FF0172}.Release|Any CPU.Build.0 = Release|Any CPU
		{CBF96F69-4A28-4B27-8757-01C126F8954C}.Debug|Any CPU.ActiveCfg = Debug|Any CPU
		{CBF96F69-4A28-4B27-8757-01C126F8954C}.Debug|Any CPU.Build.0 = Debug|Any CPU
		{CBF96F69-4A28-4B27-8757-01C126F8954C}.Release|Any CPU.ActiveCfg = Release|Any CPU
		{CBF96F69-4A28-4B27-8757-01C126F8954C}.Release|Any CPU.Build.0 = Release|Any CPU
	EndGlobalSection
	GlobalSection(SolutionProperties) = preSolution
		HideSolutionNode = FALSE
	EndGlobalSection
	GlobalSection(ExtensibilityGlobals) = postSolution
		SolutionGuid = {DAB41016-D063-4C75-870C-13E7C7EA0132}
	EndGlobalSection
EndGlobal
